
Microsoft Visual Studio Solution File, Format Version 12.00
# Visual Studio Version 16
VisualStudioVersion = 16.0.31424.327
MinimumVisualStudioVersion = 10.0.40219.1
Project("{9A19103F-16F7-4668-BE54-9A1E7A4F7556}") = "Name-Sorter", "Name-Sorter.csproj", "{2F39A552-797B-46B0-83AF-15E65822A6A4}"
EndProject
Global
	GlobalSection(SolutionConfigurationPlatforms) = preSolution
		Debug|Any CPU = Debug|Any CPU
		Release|Any CPU = Release|Any CPU
	EndGlobalSection
	GlobalSection(ProjectConfigurationPlatforms) = postSolution
		{2F39A552-797B-46B0-83AF-15E65822A6A4}.Debug|Any CPU.ActiveCfg = Debug|Any CPU
		{2F39A552-797B-46B0-83AF-15E65822A6A4}.Debug|Any CPU.Build.0 = Debug|Any CPU
		{2F39A552-797B-46B0-83AF-15E65822A6A4}.Release|Any CPU.ActiveCfg = Release|Any CPU
		{2F39A552-797B-46B0-83AF-15E65822A6A4}.Release|Any CPU.Build.0 = Release|Any CPU
	EndGlobalSection
	GlobalSection(SolutionProperties) = preSolution
		HideSolutionNode = FALSE
	EndGlobalSection
	GlobalSection(ExtensibilityGlobals) = postSolution
		SolutionGuid = {69069F9F-78FB-4A85-8625-F99985787634}
	EndGlobalSection
EndGlobal
